
Microsoft Visual Studio Solution File, Format Version 12.00
# Visual Studio Version 17
VisualStudioVersion = 17.5.002.0
MinimumVisualStudioVersion = 10.0.40219.1
Project("{9A19103F-16F7-4668-BE54-9A1E7A4F7556}") = "Bibliotekssystem_AE", "Bibliotekssystem_AE.csproj", "{82CBFFEF-ACDA-41AA-BD8A-E7FD21CECD8C}"
EndProject
Global
	GlobalSection(SolutionConfigurationPlatforms) = preSolution
		Debug|Any CPU = Debug|Any CPU
		Release|Any CPU = Release|Any CPU
	EndGlobalSection
	GlobalSection(ProjectConfigurationPlatforms) = postSolution
		{82CBFFEF-ACDA-41AA-BD8A-E7FD21CECD8C}.Debug|Any CPU.ActiveCfg = Debug|Any CPU
		{82CBFFEF-ACDA-41AA-BD8A-E7FD21CECD8C}.Debug|Any CPU.Build.0 = Debug|Any CPU
		{82CBFFEF-ACDA-41AA-BD8A-E7FD21CECD8C}.Release|Any CPU.ActiveCfg = Release|Any CPU
		{82CBFFEF-ACDA-41AA-BD8A-E7FD21CECD8C}.Release|Any CPU.Build.0 = Release|Any CPU
	EndGlobalSection
	GlobalSection(SolutionProperties) = preSolution
		HideSolutionNode = FALSE
	EndGlobalSection
	GlobalSection(ExtensibilityGlobals) = postSolution
		SolutionGuid = {C1788D3C-A303-4EE1-B70A-7C33415663A8}
	EndGlobalSection
EndGlobal
